# This is a Gradle generated file for dependency locking.
# Manual edits can break the build and are not advised.
# This file is expected to be part of source control.
# To regenerate this file, run: ./gradlew dependencies --write-locks
com.github.triplet.gradle:android-publisher:4.0.0=classpath
com.github.triplet.gradle:common-utils:4.0.0=classpath
com.github.triplet.gradle:common-validation:4.0.0=classpath
com.github.triplet.gradle:play-publisher:4.0.0=classpath
com.github.usefulness:webp-imageio:0.8.0=classpath
com.google.api-client:google-api-client:2.2.0=classpath
com.google.apis:google-api-services-androidpublisher:v3-rev20231115-2.0.0=classpath
com.google.auth:google-auth-library-credentials:1.20.0=classpath
com.google.auth:google-auth-library-oauth2-http:1.20.0=classpath
com.google.auto.value:auto-value-annotations:1.10.4=classpath
com.google.code.findbugs:jsr305:3.0.2=classpath
com.google.code.gson:gson:2.10.1=classpath
com.google.errorprone:error_prone_annotations:2.21.1=classpath
com.google.guava:failureaccess:1.0.1=classpath
com.google.guava:guava:32.1.3-jre=classpath
com.google.guava:listenablefuture:9999.0-empty-to-avoid-conflict-with-guava=classpath
com.google.http-client:google-http-client-apache-v2:1.43.3=classpath
com.google.http-client:google-http-client-gson:1.43.3=classpath
com.google.http-client:google-http-client:1.43.3=classpath
com.google.j2objc:j2objc-annotations:2.8=classpath
com.google.oauth-client:google-oauth-client:1.34.1=classpath
com.mikepenz.aboutlibraries.plugin:aboutlibraries-plugin:15.0.4=classpath
com.mikepenz.aboutlibraries.plugin:com.mikepenz.aboutlibraries.plugin.gradle.plugin:15.0.4=classpath
com.project.starter:easylauncher:6.4.0=classpath
commons-codec:commons-codec:1.15=classpath
commons-logging:commons-logging:1.2=classpath
io.grpc:grpc-context:1.27.2=classpath
io.insert-koin.compiler.plugin:io.insert-koin.compiler.plugin.gradle.plugin:1.0.1=classpath
io.insert-koin:koin-compiler-gradle-plugin:1.0.1=classpath
io.opencensus:opencensus-api:0.31.1=classpath
io.opencensus:opencensus-contrib-http-util:0.31.1=classpath
javax.inject:javax.inject:1=classpath
org.apache.httpcomponents:httpclient:4.5.14=classpath
org.apache.httpcomponents:httpcore:4.4.16=classpath
org.apache.ivy:ivy:2.5.3=classpath
org.apache.maven:maven-artifact:3.9.16=classpath
org.apache.maven:maven-builder-support:3.9.16=classpath
org.apache.maven:maven-model-builder:3.9.16=classpath
org.apache.maven:maven-model:3.9.16=classpath
org.checkerframework:checker-qual:3.37.0=classpath
org.codehaus.groovy:groovy-xml:3.0.17=classpath
org.codehaus.groovy:groovy:3.0.17=classpath
org.codehaus.plexus:plexus-interpolation:1.29=classpath
org.codehaus.plexus:plexus-utils:3.6.1=classpath
org.eclipse.sisu:org.eclipse.sisu.inject:1.0.0=classpath
org.jetbrains.kotlin:kotlin-build-tools-api:2.3.20=classpath
org.jetbrains.kotlin:kotlin-gradle-plugin-annotations:2.3.20=classpath
org.jetbrains.kotlin:kotlin-gradle-plugin-api:2.3.20=classpath
org.jetbrains.kotlin:kotlin-gradle-plugins-bom:2.3.20=classpath
org.jetbrains.kotlin:kotlin-native-utils:2.3.20=classpath
org.jetbrains.kotlin:kotlin-stdlib:2.3.21=classpath
org.jetbrains.kotlin:kotlin-tooling-core:2.3.20=classpath
org.jetbrains.kotlin:kotlin-util-io:2.3.20=classpath
org.jetbrains:annotations:13.0=classpath
org.ow2.asm:asm:9.9.1=classpath
empty=
